
Microsoft Visual Studio Solution File, Format Version 12.00
# Visual Studio Version 16
VisualStudioVersion = 16.0.29102.190
MinimumVisualStudioVersion = 10.0.40219.1
Project("{FAE04EC0-301F-11D3-BF4B-00C04F79EFBC}") = "Practica4", "Practica4\Practica4.csproj", "{1941AEBC-A42E-4F10-AEFF-F2FD107EF8EB}"
EndProject
Global
	GlobalSection(SolutionConfigurationPlatforms) = preSolution
		Debug|Any CPU = Debug|Any CPU
		Release|Any CPU = Release|Any CPU
	EndGlobalSection
	GlobalSection(ProjectConfigurationPlatforms) = postSolution
		{1941AEBC-A42E-4F10-AEFF-F2FD107EF8EB}.Debug|Any CPU.ActiveCfg = Debug|Any CPU
		{1941AEBC-A42E-4F10-AEFF-F2FD107EF8EB}.Debug|Any CPU.Build.0 = Debug|Any CPU
		{1941AEBC-A42E-4F10-AEFF-F2FD107EF8EB}.Release|Any CPU.ActiveCfg = Release|Any CPU
		{1941AEBC-A42E-4F10-AEFF-F2FD107EF8EB}.Release|Any CPU.Build.0 = Release|Any CPU
	EndGlobalSection
	GlobalSection(SolutionProperties) = preSolution
		HideSolutionNode = FALSE
	EndGlobalSection
	GlobalSection(ExtensibilityGlobals) = postSolution
		SolutionGuid = {49575859-A2D4-4FED-9A03-9E626AA68B41}
	EndGlobalSection
EndGlobal
